// !$*UTF8*$!
{
	archiveVersion = 1;
	classes = {
	};
	objectVersion = 56;
	objects = {

/* Begin PBXBuildFile section */
		F92511082C5B7A98002DE856 /* AppDelegate.swift in Sources */ = {isa = PBXBuildFile; fileRef = F92511072C5B7A98002DE856 /* AppDelegate.swift */; };
		F925110A2C5B7A98002DE856 /* SceneDelegate.swift in Sources */ = {isa = PBXBuildFile; fileRef = F92511092C5B7A98002DE856 /* SceneDelegate.swift */; };
		F925110C2C5B7A98002DE856 /* SplashVC.swift in Sources */ = {isa = PBXBuildFile; fileRef = F925110B2C5B7A98002DE856 /* SplashVC.swift */; };
		F925110F2C5B7A98002DE856 /* Main.storyboard in Resources */ = {isa = PBXBuildFile; fileRef = F925110D2C5B7A98002DE856 /* Main.storyboard */; };
		F92511112C5B7A99002DE856 /* Assets.xcassets in Resources */ = {isa = PBXBuildFile; fileRef = F92511102C5B7A99002DE856 /* Assets.xcassets */; };
		F92511142C5B7A99002DE856 /* LaunchScreen.storyboard in Resources */ = {isa = PBXBuildFile; fileRef = F92511122C5B7A99002DE856 /* LaunchScreen.storyboard */; };
		F9785C952D750523007DD480 /* SignUpVC.swift in Sources */ = {isa = PBXBuildFile; fileRef = F9785C942D750523007DD480 /* SignUpVC.swift */; };
		F9DE77792C5FAA44006BA365 /* Poppins-BlackItalic.ttf in Resources */ = {isa = PBXBuildFile; fileRef = F9DE77672C5FAA43006BA365 /* Poppins-BlackItalic.ttf */; };
		F9DE777A2C5FAA44006BA365 /* Poppins-MediumItalic.ttf in Resources */ = {isa = PBXBuildFile; fileRef = F9DE77682C5FAA43006BA365 /* Poppins-MediumItalic.ttf */; };
		F9DE777B2C5FAA44006BA365 /* Poppins-ExtraLight.ttf in Resources */ = {isa = PBXBuildFile; fileRef = F9DE77692C5FAA43006BA365 /* Poppins-ExtraLight.ttf */; };
		F9DE777C2C5FAA44006BA365 /* Poppins-LightItalic.ttf in Resources */ = {isa = PBXBuildFile; fileRef = F9DE776A2C5FAA43006BA365 /* Poppins-LightItalic.ttf */; };
		F9DE777D2C5FAA44006BA365 /* Poppins-SemiBoldItalic.ttf in Resources */ = {isa = PBXBuildFile; fileRef = F9DE776B2C5FAA43006BA365 /* Poppins-SemiBoldItalic.ttf */; };
		F9DE777E2C5FAA44006BA365 /* Poppins-Regular.ttf in Resources */ = {isa = PBXBuildFile; fileRef = F9DE776C2C5FAA43006BA365 /* Poppins-Regular.ttf */; };
		F9DE777F2C5FAA44006BA365 /* Poppins-Medium.ttf in Resources */ = {isa = PBXBuildFile; fileRef = F9DE776D2C5FAA43006BA365 /* Poppins-Medium.ttf */; };
		F9DE77802C5FAA44006BA365 /* Poppins-Italic.ttf in Resources */ = {isa = PBXBuildFile; fileRef = F9DE776E2C5FAA43006BA365 /* Poppins-Italic.ttf */; };
		F9DE77812C5FAA44006BA365 /* Poppins-Black.ttf in Resources */ = {isa = PBXBuildFile; fileRef = F9DE776F2C5FAA43006BA365 /* Poppins-Black.ttf */; };
		F9DE77822C5FAA44006BA365 /* Poppins-ExtraBoldItalic.ttf in Resources */ = {isa = PBXBuildFile; fileRef = F9DE77702C5FAA43006BA365 /* Poppins-ExtraBoldItalic.ttf */; };
		F9DE77832C5FAA44006BA365 /* Poppins-ThinItalic.ttf in Resources */ = {isa = PBXBuildFile; fileRef = F9DE77712C5FAA43006BA365 /* Poppins-ThinItalic.ttf */; };
		F9DE77842C5FAA44006BA365 /* Poppins-BoldItalic.ttf in Resources */ = {isa = PBXBuildFile; fileRef = F9DE77722C5FAA43006BA365 /* Poppins-BoldItalic.ttf */; };
		F9DE77852C5FAA44006BA365 /* Poppins-ExtraBold.ttf in Resources */ = {isa = PBXBuildFile; fileRef = F9DE77732C5FAA43006BA365 /* Poppins-ExtraBold.ttf */; };
		F9DE77862C5FAA44006BA365 /* Poppins-Thin.ttf in Resources */ = {isa = PBXBuildFile; fileRef = F9DE77742C5FAA43006BA365 /* Poppins-Thin.ttf */; };
		F9DE77872C5FAA44006BA365 /* Poppins-Bold.ttf in Resources */ = {isa = PBXBuildFile; fileRef = F9DE77752C5FAA43006BA365 /* Poppins-Bold.ttf */; };
		F9DE77882C5FAA44006BA365 /* Poppins-ExtraLightItalic.ttf in Resources */ = {isa = PBXBuildFile; fileRef = F9DE77762C5FAA43006BA365 /* Poppins-ExtraLightItalic.ttf */; };
		F9DE77892C5FAA44006BA365 /* Poppins-SemiBold.ttf in Resources */ = {isa = PBXBuildFile; fileRef = F9DE77772C5FAA43006BA365 /* Poppins-SemiBold.ttf */; };
		F9DE778A2C5FAA44006BA365 /* Poppins-Light.ttf in Resources */ = {isa = PBXBuildFile; fileRef = F9DE77782C5FAA43006BA365 /* Poppins-Light.ttf */; };
		F9DE778E2C5FC102006BA365 /* UILabel+Ext..swift in Sources */ = {isa = PBXBuildFile; fileRef = F9DE778D2C5FC102006BA365 /* UILabel+Ext..swift */; };
		F9DE77902C6006A7006BA365 /* LogInVC.swift in Sources */ = {isa = PBXBuildFile; fileRef = F9DE778F2C6006A7006BA365 /* LogInVC.swift */; };
		F9DE77922C601CB8006BA365 /* CustomGradientButton.swift in Sources */ = {isa = PBXBuildFile; fileRef = F9DE77912C601CB8006BA365 /* CustomGradientButton.swift */; };
/* End PBXBuildFile section */

/* Begin PBXFileReference section */
		F92511042C5B7A98002DE856 /* ChattingAppClone.app */ = {isa = PBXFileReference; explicitFileType = wrapper.application; includeInIndex = 0; path = ChattingAppClone.app; sourceTree = BUILT_PRODUCTS_DIR; };
		F92511072C5B7A98002DE856 /* AppDelegate.swift */ = {isa = PBXFileReference; lastKnownFileType = sourcecode.swift; path = AppDelegate.swift; sourceTree = "<group>"; };
		F92511092C5B7A98002DE856 /* SceneDelegate.swift */ = {isa = PBXFileReference; lastKnownFileType = sourcecode.swift; path = SceneDelegate.swift; sourceTree = "<group>"; };
		F925110B2C5B7A98002DE856 /* SplashVC.swift */ = {isa = PBXFileReference; lastKnownFileType = sourcecode.swift; path = SplashVC.swift; sourceTree = "<group>"; };
		F925110E2C5B7A98002DE856 /* Base */ = {isa = PBXFileReference; lastKnownFileType = file.storyboard; name = Base; path = Base.lproj/Main.storyboard; sourceTree = "<group>"; };
		F92511102C5B7A99002DE856 /* Assets.xcassets */ = {isa = PBXFileReference; lastKnownFileType = folder.assetcatalog; path = Assets.xcassets; sourceTree = "<group>"; };
		F92511132C5B7A99002DE856 /* Base */ = {isa = PBXFileReference; lastKnownFileType = file.storyboard; name = Base; path = Base.lproj/LaunchScreen.storyboard; sourceTree = "<group>"; };
		F92511152C5B7A99002DE856 /* Info.plist */ = {isa = PBXFileReference; lastKnownFileType = text.plist.xml; path = Info.plist; sourceTree = "<group>"; };
		F9785C942D750523007DD480 /* SignUpVC.swift */ = {isa = PBXFileReference; lastKnownFileType = sourcecode.swift; path = SignUpVC.swift; sourceTree = "<group>"; };
		F9DE77672C5FAA43006BA365 /* Poppins-BlackItalic.ttf */ = {isa = PBXFileReference; lastKnownFileType = file; path = "Poppins-BlackItalic.ttf"; sourceTree = "<group>"; };
		F9DE77682C5FAA43006BA365 /* Poppins-MediumItalic.ttf */ = {isa = PBXFileReference; lastKnownFileType = file; path = "Poppins-MediumItalic.ttf"; sourceTree = "<group>"; };
		F9DE77692C5FAA43006BA365 /* Poppins-ExtraLight.ttf */ = {isa = PBXFileReference; lastKnownFileType = file; path = "Poppins-ExtraLight.ttf"; sourceTree = "<group>"; };
		F9DE776A2C5FAA43006BA365 /* Poppins-LightItalic.ttf */ = {isa = PBXFileReference; lastKnownFileType = file; path = "Poppins-LightItalic.ttf"; sourceTree = "<group>"; };
		F9DE776B2C5FAA43006BA365 /* Poppins-SemiBoldItalic.ttf */ = {isa = PBXFileReference; lastKnownFileType = file; path = "Poppins-SemiBoldItalic.ttf"; sourceTree = "<group>"; };
		F9DE776C2C5FAA43006BA365 /* Poppins-Regular.ttf */ = {isa = PBXFileReference; lastKnownFileType = file; path = "Poppins-Regular.ttf"; sourceTree = "<group>"; };
		F9DE776D2C5FAA43006BA365 /* Poppins-Medium.ttf */ = {isa = PBXFileReference; lastKnownFileType = file; path = "Poppins-Medium.ttf"; sourceTree = "<group>"; };
		F9DE776E2C5FAA43006BA365 /* Poppins-Italic.ttf */ = {isa = PBXFileReference; lastKnownFileType = file; path = "Poppins-Italic.ttf"; sourceTree = "<group>"; };
		F9DE776F2C5FAA43006BA365 /* Poppins-Black.ttf */ = {isa = PBXFileReference; lastKnownFileType = file; path = "Poppins-Black.ttf"; sourceTree = "<group>"; };
		F9DE77702C5FAA43006BA365 /* Poppins-ExtraBoldItalic.ttf */ = {isa = PBXFileReference; lastKnownFileType = file; path = "Poppins-ExtraBoldItalic.ttf"; sourceTree = "<group>"; };
		F9DE77712C5FAA43006BA365 /* Poppins-ThinItalic.ttf */ = {isa = PBXFileReference; lastKnownFileType = file; path = "Poppins-ThinItalic.ttf"; sourceTree = "<group>"; };
		F9DE77722C5FAA43006BA365 /* Poppins-BoldItalic.ttf */ = {isa = PBXFileReference; lastKnownFileType = file; path = "Poppins-BoldItalic.ttf"; sourceTree = "<group>"; };
		F9DE77732C5FAA43006BA365 /* Poppins-ExtraBold.ttf */ = {isa = PBXFileReference; lastKnownFileType = file; path = "Poppins-ExtraBold.ttf"; sourceTree = "<group>"; };
		F9DE77742C5FAA43006BA365 /* Poppins-Thin.ttf */ = {isa = PBXFileReference; lastKnownFileType = file; path = "Poppins-Thin.ttf"; sourceTree = "<group>"; };
		F9DE77752C5FAA43006BA365 /* Poppins-Bold.ttf */ = {isa = PBXFileReference; lastKnownFileType = file; path = "Poppins-Bold.ttf"; sourceTree = "<group>"; };
		F9DE77762C5FAA43006BA365 /* Poppins-ExtraLightItalic.ttf */ = {isa = PBXFileReference; lastKnownFileType = file; path = "Poppins-ExtraLightItalic.ttf"; sourceTree = "<group>"; };
		F9DE77772C5FAA43006BA365 /* Poppins-SemiBold.ttf */ = {isa = PBXFileReference; lastKnownFileType = file; path = "Poppins-SemiBold.ttf"; sourceTree = "<group>"; };
		F9DE77782C5FAA43006BA365 /* Poppins-Light.ttf */ = {isa = PBXFileReference; lastKnownFileType = file; path = "Poppins-Light.ttf"; sourceTree = "<group>"; };
		F9DE778D2C5FC102006BA365 /* UILabel+Ext..swift */ = {isa = PBXFileReference; lastKnownFileType = sourcecode.swift; path = "UILabel+Ext..swift"; sourceTree = "<group>"; };
		F9DE778F2C6006A7006BA365 /* LogInVC.swift */ = {isa = PBXFileReference; lastKnownFileType = sourcecode.swift; path = LogInVC.swift; sourceTree = "<group>"; };
		F9DE77912C601CB8006BA365 /* CustomGradientButton.swift */ = {isa = PBXFileReference; lastKnownFileType = sourcecode.swift; path = CustomGradientButton.swift; sourceTree = "<group>"; };
/* End PBXFileReference section */

/* Begin PBXFrameworksBuildPhase section */
		F92511012C5B7A98002DE856 /* Frameworks */ = {
			isa = PBXFrameworksBuildPhase;
			buildActionMask = 2147483647;
			files = (
			);
			runOnlyForDeploymentPostprocessing = 0;
		};
/* End PBXFrameworksBuildPhase section */

/* Begin PBXGroup section */
		F91F57172C5E81B600C41AE6 /* Controller */ = {
			isa = PBXGroup;
			children = (
				F925110B2C5B7A98002DE856 /* SplashVC.swift */,
				F9DE778F2C6006A7006BA365 /* LogInVC.swift */,
				F9785C942D750523007DD480 /* SignUpVC.swift */,
			);
			path = Controller;
			sourceTree = "<group>";
		};
		F91F57182C5E81BE00C41AE6 /* View */ = {
			isa = PBXGroup;
			children = (
				F9DE77912C601CB8006BA365 /* CustomGradientButton.swift */,
			);
			path = View;
			sourceTree = "<group>";
		};
		F91F57192C5E81C200C41AE6 /* Model */ = {
			isa = PBXGroup;
			children = (
			);
			path = Model;
			sourceTree = "<group>";
		};
		F92510FB2C5B7A98002DE856 = {
			isa = PBXGroup;
			children = (
				F92511062C5B7A98002DE856 /* ChattingAppClone */,
				F92511052C5B7A98002DE856 /* Products */,
			);
			sourceTree = "<group>";
		};
		F92511052C5B7A98002DE856 /* Products */ = {
			isa = PBXGroup;
			children = (
				F92511042C5B7A98002DE856 /* ChattingAppClone.app */,
			);
			name = Products;
			sourceTree = "<group>";
		};
		F92511062C5B7A98002DE856 /* ChattingAppClone */ = {
			isa = PBXGroup;
			children = (
				F91F57192C5E81C200C41AE6 /* Model */,
				F91F57182C5E81BE00C41AE6 /* View */,
				F91F57172C5E81B600C41AE6 /* Controller */,
				F9DE778C2C5FC0E3006BA365 /* Extension */,
				F92511072C5B7A98002DE856 /* AppDelegate.swift */,
				F92511092C5B7A98002DE856 /* SceneDelegate.swift */,
				F925110D2C5B7A98002DE856 /* Main.storyboard */,
				F92511102C5B7A99002DE856 /* Assets.xcassets */,
				F92511122C5B7A99002DE856 /* LaunchScreen.storyboard */,
				F92511152C5B7A99002DE856 /* Info.plist */,
				F9DE778B2C5FAA9E006BA365 /* CustomFont */,
			);
			path = ChattingAppClone;
			sourceTree = "<group>";
		};
		F9DE778B2C5FAA9E006BA365 /* CustomFont */ = {
			isa = PBXGroup;
			children = (
				F9DE776F2C5FAA43006BA365 /* Poppins-Black.ttf */,
				F9DE77672C5FAA43006BA365 /* Poppins-BlackItalic.ttf */,
				F9DE77752C5FAA43006BA365 /* Poppins-Bold.ttf */,
				F9DE77722C5FAA43006BA365 /* Poppins-BoldItalic.ttf */,
				F9DE77732C5FAA43006BA365 /* Poppins-ExtraBold.ttf */,
				F9DE77702C5FAA43006BA365 /* Poppins-ExtraBoldItalic.ttf */,
				F9DE77692C5FAA43006BA365 /* Poppins-ExtraLight.ttf */,
				F9DE77762C5FAA43006BA365 /* Poppins-ExtraLightItalic.ttf */,
				F9DE776E2C5FAA43006BA365 /* Poppins-Italic.ttf */,
				F9DE77782C5FAA43006BA365 /* Poppins-Light.ttf */,
				F9DE776A2C5FAA43006BA365 /* Poppins-LightItalic.ttf */,
				F9DE776D2C5FAA43006BA365 /* Poppins-Medium.ttf */,
				F9DE77682C5FAA43006BA365 /* Poppins-MediumItalic.ttf */,
				F9DE776C2C5FAA43006BA365 /* Poppins-Regular.ttf */,
				F9DE77772C5FAA43006BA365 /* Poppins-SemiBold.ttf */,
				F9DE776B2C5FAA43006BA365 /* Poppins-SemiBoldItalic.ttf */,
				F9DE77742C5FAA43006BA365 /* Poppins-Thin.ttf */,
				F9DE77712C5FAA43006BA365 /* Poppins-ThinItalic.ttf */,
			);
			path = CustomFont;
			sourceTree = "<group>";
		};
		F9DE778C2C5FC0E3006BA365 /* Extension */ = {
			isa = PBXGroup;
			children = (
				F9DE778D2C5FC102006BA365 /* UILabel+Ext..swift */,
			);
			path = Extension;
			sourceTree = "<group>";
		};
/* End PBXGroup section */

/* Begin PBXNativeTarget section */
		F92511032C5B7A98002DE856 /* ChattingAppClone */ = {
			isa = PBXNativeTarget;
			buildConfigurationList = F92511182C5B7A99002DE856 /* Build configuration list for PBXNativeTarget "ChattingAppClone" */;
			buildPhases = (
				F92511002C5B7A98002DE856 /* Sources */,
				F92511012C5B7A98002DE856 /* Frameworks */,
				F92511022C5B7A98002DE856 /* Resources */,
			);
			buildRules = (
			);
			dependencies = (
			);
			name = ChattingAppClone;
			productName = ChattingAppClone;
			productReference = F92511042C5B7A98002DE856 /* ChattingAppClone.app */;
			productType = "com.apple.product-type.application";
		};
/* End PBXNativeTarget section */

/* Begin PBXProject section */
		F92510FC2C5B7A98002DE856 /* Project object */ = {
			isa = PBXProject;
			attributes = {
				BuildIndependentTargetsInParallel = 1;
				LastSwiftUpdateCheck = 1520;
				LastUpgradeCheck = 1520;
				TargetAttributes = {
					F92511032C5B7A98002DE856 = {
						CreatedOnToolsVersion = 15.2;
					};
				};
			};
			buildConfigurationList = F92510FF2C5B7A98002DE856 /* Build configuration list for PBXProject "ChattingAppClone" */;
			compatibilityVersion = "Xcode 14.0";
			developmentRegion = en;
			hasScannedForEncodings = 0;
			knownRegions = (
				en,
				Base,
			);
			mainGroup = F92510FB2C5B7A98002DE856;
			productRefGroup = F92511052C5B7A98002DE856 /* Products */;
			projectDirPath = "";
			projectRoot = "";
			targets = (
				F92511032C5B7A98002DE856 /* ChattingAppClone */,
			);
		};
/* End PBXProject section */

/* Begin PBXResourcesBuildPhase section */
		F92511022C5B7A98002DE856 /* Resources */ = {
			isa = PBXResourcesBuildPhase;
			buildActionMask = 2147483647;
			files = (
				F9DE77812C5FAA44006BA365 /* Poppins-Black.ttf in Resources */,
				F9DE77872C5FAA44006BA365 /* Poppins-Bold.ttf in Resources */,
				F9DE77882C5FAA44006BA365 /* Poppins-ExtraLightItalic.ttf in Resources */,
				F9DE777B2C5FAA44006BA365 /* Poppins-ExtraLight.ttf in Resources */,
				F9DE777D2C5FAA44006BA365 /* Poppins-SemiBoldItalic.ttf in Resources */,
				F9DE77892C5FAA44006BA365 /* Poppins-SemiBold.ttf in Resources */,
				F9DE77862C5FAA44006BA365 /* Poppins-Thin.ttf in Resources */,
				F9DE778A2C5FAA44006BA365 /* Poppins-Light.ttf in Resources */,
				F9DE77792C5FAA44006BA365 /* Poppins-BlackItalic.ttf in Resources */,
				F9DE777E2C5FAA44006BA365 /* Poppins-Regular.ttf in Resources */,
				F9DE77832C5FAA44006BA365 /* Poppins-ThinItalic.ttf in Resources */,
				F9DE77822C5FAA44006BA365 /* Poppins-ExtraBoldItalic.ttf in Resources */,
				F9DE777C2C5FAA44006BA365 /* Poppins-LightItalic.ttf in Resources */,
				F92511142C5B7A99002DE856 /* LaunchScreen.storyboard in Resources */,
				F9DE77842C5FAA44006BA365 /* Poppins-BoldItalic.ttf in Resources */,
				F92511112C5B7A99002DE856 /* Assets.xcassets in Resources */,
				F9DE77802C5FAA44006BA365 /* Poppins-Italic.ttf in Resources */,
				F9DE77852C5FAA44006BA365 /* Poppins-ExtraBold.ttf in Resources */,
				F925110F2C5B7A98002DE856 /* Main.storyboard in Resources */,
				F9DE777A2C5FAA44006BA365 /* Poppins-MediumItalic.ttf in Resources */,
				F9DE777F2C5FAA44006BA365 /* Poppins-Medium.ttf in Resources */,
			);
			runOnlyForDeploymentPostprocessing = 0;
		};
/* End PBXResourcesBuildPhase section */

/* Begin PBXSourcesBuildPhase section */
		F92511002C5B7A98002DE856 /* Sources */ = {
			isa = PBXSourcesBuildPhase;
			buildActionMask = 2147483647;
			files = (
				F9785C952D750523007DD480 /* SignUpVC.swift in Sources */,
				F925110C2C5B7A98002DE856 /* SplashVC.swift in Sources */,
				F9DE778E2C5FC102006BA365 /* UILabel+Ext..swift in Sources */,
				F92511082C5B7A98002DE856 /* AppDelegate.swift in Sources */,
				F925110A2C5B7A98002DE856 /* SceneDelegate.swift in Sources */,
				F9DE77922C601CB8006BA365 /* CustomGradientButton.swift in Sources */,
				F9DE77902C6006A7006BA365 /* LogInVC.swift in Sources */,
			);
			runOnlyForDeploymentPostprocessing = 0;
		};
/* End PBXSourcesBuildPhase section */

/* Begin PBXVariantGroup section */
		F925110D2C5B7A98002DE856 /* Main.storyboard */ = {
			isa = PBXVariantGroup;
			children = (
				F925110E2C5B7A98002DE856 /* Base */,
			);
			name = Main.storyboard;
			sourceTree = "<group>";
		};
		F92511122C5B7A99002DE856 /* LaunchScreen.storyboard */ = {
			isa = PBXVariantGroup;
			children = (
				F92511132C5B7A99002DE856 /* Base */,
			);
			name = LaunchScreen.storyboard;
			sourceTree = "<group>";
		};
/* End PBXVariantGroup section */

/* Begin XCBuildConfiguration section */
		F92511162C5B7A99002DE856 /* Debug */ = {
			isa = XCBuildConfiguration;
			buildSettings = {
				ALWAYS_SEARCH_USER_PATHS = NO;
				ASSETCATALOG_COMPILER_GENERATE_SWIFT_ASSET_SYMBOL_EXTENSIONS = YES;
				CLANG_ANALYZER_NONNULL = YES;
				CLANG_ANALYZER_NUMBER_OBJECT_CONVERSION = YES_AGGRESSIVE;
				CLANG_CXX_LANGUAGE_STANDARD = "gnu++20";
				CLANG_ENABLE_MODULES = YES;
				CLANG_ENABLE_OBJC_ARC = YES;
				CLANG_ENABLE_OBJC_WEAK = YES;
				CLANG_WARN_BLOCK_CAPTURE_AUTORELEASING = YES;
				CLANG_WARN_BOOL_CONVERSION = YES;
				CLANG_WARN_COMMA = YES;
				CLANG_WARN_CONSTANT_CONVERSION = YES;
				CLANG_WARN_DEPRECATED_OBJC_IMPLEMENTATIONS = YES;
				CLANG_WARN_DIRECT_OBJC_ISA_USAGE = YES_ERROR;
				CLANG_WARN_DOCUMENTATION_COMMENTS = YES;
				CLANG_WARN_EMPTY_BODY = YES;
				CLANG_WARN_ENUM_CONVERSION = YES;
				CLANG_WARN_INFINITE_RECURSION = YES;
				CLANG_WARN_INT_CONVERSION = YES;
				CLANG_WARN_NON_LITERAL_NULL_CONVERSION = YES;
				CLANG_WARN_OBJC_IMPLICIT_RETAIN_SELF = YES;
				CLANG_WARN_OBJC_LITERAL_CONVERSION = YES;
				CLANG_WARN_OBJC_ROOT_CLASS = YES_ERROR;
				CLANG_WARN_QUOTED_INCLUDE_IN_FRAMEWORK_HEADER = YES;
				CLANG_WARN_RANGE_LOOP_ANALYSIS = YES;
				CLANG_WARN_STRICT_PROTOTYPES = YES;
				CLANG_WARN_SUSPICIOUS_MOVE = YES;
				CLANG_WARN_UNGUARDED_AVAILABILITY = YES_AGGRESSIVE;
				CLANG_WARN_UNREACHABLE_CODE = YES;
				CLANG_WARN__DUPLICATE_METHOD_MATCH = YES;
				COPY_PHASE_STRIP = NO;
				DEBUG_INFORMATION_FORMAT = dwarf;
				ENABLE_STRICT_OBJC_MSGSEND = YES;
				ENABLE_TESTABILITY = YES;
				ENABLE_USER_SCRIPT_SANDBOXING = YES;
				GCC_C_LANGUAGE_STANDARD = gnu17;
				GCC_DYNAMIC_NO_PIC = NO;
				GCC_NO_COMMON_BLOCKS = YES;
				GCC_OPTIMIZATION_LEVEL = 0;
				GCC_PREPROCESSOR_DEFINITIONS = (
					"DEBUG=1",
					"$(inherited)",
				);
				GCC_WARN_64_TO_32_BIT_CONVERSION = YES;
				GCC_WARN_ABOUT_RETURN_TYPE = YES_ERROR;
				GCC_WARN_UNDECLARED_SELECTOR = YES;
				GCC_WARN_UNINITIALIZED_AUTOS = YES_AGGRESSIVE;
				GCC_WARN_UNUSED_FUNCTION = YES;
				GCC_WARN_UNUSED_VARIABLE = YES;
				IPHONEOS_DEPLOYMENT_TARGET = 17.2;
				LOCALIZATION_PREFERS_STRING_CATALOGS = YES;
				MTL_ENABLE_DEBUG_INFO = INCLUDE_SOURCE;
				MTL_FAST_MATH = YES;
				ONLY_ACTIVE_ARCH = YES;
				SDKROOT = iphoneos;
				SWIFT_ACTIVE_COMPILATION_CONDITIONS = "DEBUG $(inherited)";
				SWIFT_OPTIMIZATION_LEVEL = "-Onone";
			};
			name = Debug;
		};
		F92511172C5B7A99002DE856 /* Release */ = {
			isa = XCBuildConfiguration;
			buildSettings = {
				ALWAYS_SEARCH_USER_PATHS = NO;
				ASSETCATALOG_COMPILER_GENERATE_SWIFT_ASSET_SYMBOL_EXTENSIONS = YES;
				CLANG_ANALYZER_NONNULL = YES;
				CLANG_ANALYZER_NUMBER_OBJECT_CONVERSION = YES_AGGRESSIVE;
				CLANG_CXX_LANGUAGE_STANDARD = "gnu++20";
				CLANG_ENABLE_MODULES = YES;
				CLANG_ENABLE_OBJC_ARC = YES;
				CLANG_ENABLE_OBJC_WEAK = YES;
				CLANG_WARN_BLOCK_CAPTURE_AUTORELEASING = YES;
				CLANG_WARN_BOOL_CONVERSION = YES;
				CLANG_WARN_COMMA = YES;
				CLANG_WARN_CONSTANT_CONVERSION = YES;
				CLANG_WARN_DEPRECATED_OBJC_IMPLEMENTATIONS = YES;
				CLANG_WARN_DIRECT_OBJC_ISA_USAGE = YES_ERROR;
				CLANG_WARN_DOCUMENTATION_COMMENTS = YES;
				CLANG_WARN_EMPTY_BODY = YES;
				CLANG_WARN_ENUM_CONVERSION = YES;
				CLANG_WARN_INFINITE_RECURSION = YES;
				CLANG_WARN_INT_CONVERSION = YES;
				CLANG_WARN_NON_LITERAL_NULL_CONVERSION = YES;
				CLANG_WARN_OBJC_IMPLICIT_RETAIN_SELF = YES;
				CLANG_WARN_OBJC_LITERAL_CONVERSION = YES;
				CLANG_WARN_OBJC_ROOT_CLASS = YES_ERROR;
				CLANG_WARN_QUOTED_INCLUDE_IN_FRAMEWORK_HEADER = YES;
				CLANG_WARN_RANGE_LOOP_ANALYSIS = YES;
				CLANG_WARN_STRICT_PROTOTYPES = YES;
				CLANG_WARN_SUSPICIOUS_MOVE = YES;
				CLANG_WARN_UNGUARDED_AVAILABILITY = YES_AGGRESSIVE;
				CLANG_WARN_UNREACHABLE_CODE = YES;
				CLANG_WARN__DUPLICATE_METHOD_MATCH = YES;
				COPY_PHASE_STRIP = NO;
				DEBUG_INFORMATION_FORMAT = "dwarf-with-dsym";
				ENABLE_NS_ASSERTIONS = NO;
				ENABLE_STRICT_OBJC_MSGSEND = YES;
				ENABLE_USER_SCRIPT_SANDBOXING = YES;
				GCC_C_LANGUAGE_STANDARD = gnu17;
				GCC_NO_COMMON_BLOCKS = YES;
				GCC_WARN_64_TO_32_BIT_CONVERSION = YES;
				GCC_WARN_ABOUT_RETURN_TYPE = YES_ERROR;
				GCC_WARN_UNDECLARED_SELECTOR = YES;
				GCC_WARN_UNINITIALIZED_AUTOS = YES_AGGRESSIVE;
				GCC_WARN_UNUSED_FUNCTION = YES;
				GCC_WARN_UNUSED_VARIABLE = YES;
				IPHONEOS_DEPLOYMENT_TARGET = 17.2;
				LOCALIZATION_PREFERS_STRING_CATALOGS = YES;
				MTL_ENABLE_DEBUG_INFO = NO;
				MTL_FAST_MATH = YES;
				SDKROOT = iphoneos;
				SWIFT_COMPILATION_MODE = wholemodule;
				VALIDATE_PRODUCT = YES;
			};
			name = Release;
		};
		F92511192C5B7A99002DE856 /* Debug */ = {
			isa = XCBuildConfiguration;
			buildSettings = {
				ASSETCATALOG_COMPILER_APPICON_NAME = AppIcon;
				ASSETCATALOG_COMPILER_GLOBAL_ACCENT_COLOR_NAME = AccentColor;
				CODE_SIGN_STYLE = Automatic;
				CURRENT_PROJECT_VERSION = 1;
				DEVELOPMENT_TEAM = DQ48F29D8A;
				GENERATE_INFOPLIST_FILE = YES;
				INFOPLIST_FILE = ChattingAppClone/Info.plist;
				INFOPLIST_KEY_UIApplicationSupportsIndirectInputEvents = YES;
				INFOPLIST_KEY_UILaunchStoryboardName = LaunchScreen;
				INFOPLIST_KEY_UIMainStoryboardFile = Main;
				INFOPLIST_KEY_UISupportedInterfaceOrientations_iPad = "UIInterfaceOrientationPortrait UIInterfaceOrientationPortraitUpsideDown UIInterfaceOrientationLandscapeLeft UIInterfaceOrientationLandscapeRight";
				INFOPLIST_KEY_UISupportedInterfaceOrientations_iPhone = "UIInterfaceOrientationPortrait UIInterfaceOrientationLandscapeLeft UIInterfaceOrientationLandscapeRight";
				LD_RUNPATH_SEARCH_PATHS = (
					"$(inherited)",
					"@executable_path/Frameworks",
				);
				MARKETING_VERSION = 1.0;
				PRODUCT_BUNDLE_IDENTIFIER = com.emirhanipek.ChattingAppClone;
				PRODUCT_NAME = "$(TARGET_NAME)";
				SWIFT_EMIT_LOC_STRINGS = YES;
				SWIFT_VERSION = 5.0;
				TARGETED_DEVICE_FAMILY = "1,2";
			};
			name = Debug;
		};
		F925111A2C5B7A99002DE856 /* Release */ = {
			isa = XCBuildConfiguration;
			buildSettings = {
				ASSETCATALOG_COMPILER_APPICON_NAME = AppIcon;
				ASSETCATALOG_COMPILER_GLOBAL_ACCENT_COLOR_NAME = AccentColor;
				CODE_SIGN_STYLE = Automatic;
				CURRENT_PROJECT_VERSION = 1;
				DEVELOPMENT_TEAM = DQ48F29D8A;
				GENERATE_INFOPLIST_FILE = YES;
				INFOPLIST_FILE = ChattingAppClone/Info.plist;
				INFOPLIST_KEY_UIApplicationSupportsIndirectInputEvents = YES;
				INFOPLIST_KEY_UILaunchStoryboardName = LaunchScreen;
				INFOPLIST_KEY_UIMainStoryboardFile = Main;
				INFOPLIST_KEY_UISupportedInterfaceOrientations_iPad = "UIInterfaceOrientationPortrait UIInterfaceOrientationPortraitUpsideDown UIInterfaceOrientationLandscapeLeft UIInterfaceOrientationLandscapeRight";
				INFOPLIST_KEY_UISupportedInterfaceOrientations_iPhone = "UIInterfaceOrientationPortrait UIInterfaceOrientationLandscapeLeft UIInterfaceOrientationLandscapeRight";
				LD_RUNPATH_SEARCH_PATHS = (
					"$(inherited)",
					"@executable_path/Frameworks",
				);
				MARKETING_VERSION = 1.0;
				PRODUCT_BUNDLE_IDENTIFIER = com.emirhanipek.ChattingAppClone;
				PRODUCT_NAME = "$(TARGET_NAME)";
				SWIFT_EMIT_LOC_STRINGS = YES;
				SWIFT_VERSION = 5.0;
				TARGETED_DEVICE_FAMILY = "1,2";
			};
			name = Release;
		};
/* End XCBuildConfiguration section */

/* Begin XCConfigurationList section */
		F92510FF2C5B7A98002DE856 /* Build configuration list for PBXProject "ChattingAppClone" */ = {
			isa = XCConfigurationList;
			buildConfigurations = (
				F92511162C5B7A99002DE856 /* Debug */,
				F92511172C5B7A99002DE856 /* Release */,
			);
			defaultConfigurationIsVisible = 0;
			defaultConfigurationName = Release;
		};
		F92511182C5B7A99002DE856 /* Build configuration list for PBXNativeTarget "ChattingAppClone" */ = {
			isa = XCConfigurationList;
			buildConfigurations = (
				F92511192C5B7A99002DE856 /* Debug */,
				F925111A2C5B7A99002DE856 /* Release */,
			);
			defaultConfigurationIsVisible = 0;
			defaultConfigurationName = Release;
		};
/* End XCConfigurationList section */
	};
	rootObject = F92510FC2C5B7A98002DE856 /* Project object */;
}
